
Microsoft Visual Studio Solution File, Format Version 12.00
# Visual Studio Version 16
VisualStudioVersion = 16.0.31605.320
MinimumVisualStudioVersion = 10.0.40219.1
Project("{9092AA53-FB77-4645-B42D-1CCCA6BD08BD}") = "threeMindMap", "threeMindMap\threeMindMap.njsproj", "{C9BAA470-8B8B-4146-BB3B-F2E9202FFC40}"
EndProject
Global
	GlobalSection(SolutionConfigurationPlatforms) = preSolution
		Debug|Any CPU = Debug|Any CPU
		Release|Any CPU = Release|Any CPU
	EndGlobalSection
	GlobalSection(ProjectConfigurationPlatforms) = postSolution
		{C9BAA470-8B8B-4146-BB3B-F2E9202FFC40}.Debug|Any CPU.ActiveCfg = Debug|Any CPU
		{C9BAA470-8B8B-4146-BB3B-F2E9202FFC40}.Debug|Any CPU.Build.0 = Debug|Any CPU
		{C9BAA470-8B8B-4146-BB3B-F2E9202FFC40}.Release|Any CPU.ActiveCfg = Release|Any CPU
		{C9BAA470-8B8B-4146-BB3B-F2E9202FFC40}.Release|Any CPU.Build.0 = Release|Any CPU
	EndGlobalSection
	GlobalSection(SolutionProperties) = preSolution
		HideSolutionNode = FALSE
	EndGlobalSection
	GlobalSection(ExtensibilityGlobals) = postSolution
		SolutionGuid = {453D85C4-5A68-4DD1-9B6D-18A5DB50B094}
	EndGlobalSection
EndGlobal
